// !$*UTF8*$!
{
	archiveVersion = 1;
	classes = {
	};
	objectVersion = 77;
	objects = {

/* Begin PBXBuildFile section */
		039B322EF5FA1D38DA96B18E /* RouteFindViewController.swift in Sources */ = {isa = PBXBuildFile; fileRef = 22E80A31F1E5B9696585F9D0 /* RouteFindViewController.swift */; };
		0569A955876C247323F02FB0 /* VideoService.swift in Sources */ = {isa = PBXBuildFile; fileRef = 1BF72953E8AB3DE0FB42A001 /* VideoService.swift */; };
		08583BA4DF00C7CA3EEBD267 /* RecommendDTO.swift in Sources */ = {isa = PBXBuildFile; fileRef = 32DAE0EFF73F4F2526F4C8F4 /* RecommendDTO.swift */; };
		0EC844545E27E9B661B30CD5 /* MissionListViewController.swift in Sources */ = {isa = PBXBuildFile; fileRef = FA1FE31D6459E9E8D732730D /* MissionListViewController.swift */; };
		15B2A9F5DE6F3CBC8B2F9FD4 /* PreferenceViewController.swift in Sources */ = {isa = PBXBuildFile; fileRef = 8BF9BBECCC33291C96A8B3BA /* PreferenceViewController.swift */; };
		1763CD1DFBA157F57C3600A6 /* Components.swift in Sources */ = {isa = PBXBuildFile; fileRef = 4ABCDFC4A467EE2396E85027 /* Components.swift */; };
		1BE4BC99F60D6CFFC5E0F997 /* RouteDTO.swift in Sources */ = {isa = PBXBuildFile; fileRef = DE265568CFF182E1CC7C4568 /* RouteDTO.swift */; };
		1BF8AF245F496AE36C3A3A4F /* CommunityFeedViewController.swift in Sources */ = {isa = PBXBuildFile; fileRef = 411D8DDF02A5953EF76A7C65 /* CommunityFeedViewController.swift */; };
		1CDB5A6FB34BD893046107D9 /* OnboardingStepViewController.swift in Sources */ = {isa = PBXBuildFile; fileRef = 4E8DC7DD0FB86A1BC9A5D183 /* OnboardingStepViewController.swift */; };
		219329BF579DEB53826C570F /* AppDelegate.swift in Sources */ = {isa = PBXBuildFile; fileRef = AC492BAB7B2FDB1408561186 /* AppDelegate.swift */; };
		227826C463C62059CAC79AD5 /* Domain.swift in Sources */ = {isa = PBXBuildFile; fileRef = 9EF7D7E10CEA5B88F2D0CE6B /* Domain.swift */; };
		23BBC1383B02C78B4DF59830 /* RouteService.swift in Sources */ = {isa = PBXBuildFile; fileRef = D6F4DD2B85FC7916BBAD941C /* RouteService.swift */; };
		23FEB4D3DA326E99DE9D01B9 /* PlaceDetailModels.swift in Sources */ = {isa = PBXBuildFile; fileRef = 00DC7E83C489DC5B2D54F40D /* PlaceDetailModels.swift */; };
		27C907605B5904B4259150DB /* ChatTargetType.swift in Sources */ = {isa = PBXBuildFile; fileRef = 00396A0CA8410053CCB8F70B /* ChatTargetType.swift */; };
		2918035756B0B64CB6340339 /* OnboardingViews.swift in Sources */ = {isa = PBXBuildFile; fileRef = 4E7586339FAD149310C135D3 /* OnboardingViews.swift */; };
		2B172DC4255882561F79BE8C /* KakaoSDKUser in Frameworks */ = {isa = PBXBuildFile; productRef = 3700B9B0A26346452B67F16F /* KakaoSDKUser */; };
		307DB32D2CB01E60E65348C6 /* SlotDTO.swift in Sources */ = {isa = PBXBuildFile; fileRef = 7301A9B51A38B2257DA45B62 /* SlotDTO.swift */; };
		315A8792CA8D5EB981D8C33B /* PuzzlePieceView.swift in Sources */ = {isa = PBXBuildFile; fileRef = 906B25158798CFAB552A8D07 /* PuzzlePieceView.swift */; };
		32CA30AC54B3A09288089E6F /* Alamofire in Frameworks */ = {isa = PBXBuildFile; productRef = 4A915E5F66AA81CB48BCD0A9 /* Alamofire */; };
		33BBA1B7C2D8A988ABA1C3ED /* WantedSans-Medium.ttf in Resources */ = {isa = PBXBuildFile; fileRef = BD18D8754A3339EA28055BD5 /* WantedSans-Medium.ttf */; };
		33FE3F687120CB3D0EE58357 /* HealthService.swift in Sources */ = {isa = PBXBuildFile; fileRef = 5BCE30B64CBD8E3DF568F577 /* HealthService.swift */; };
		397FBD42F7D93496BCB058AD /* MyPageViewController.swift in Sources */ = {isa = PBXBuildFile; fileRef = D4E78723E37B2FCE3344BB9A /* MyPageViewController.swift */; };
		3A523332F67C986CA0D55525 /* BearerTokenPlugin.swift in Sources */ = {isa = PBXBuildFile; fileRef = 72EA5EEDF66AD688931DB12C /* BearerTokenPlugin.swift */; };
		3B96BF2042F1E8E563526DAD /* AuthDTO.swift in Sources */ = {isa = PBXBuildFile; fileRef = 6E1644B77D466EC81736EB0A /* AuthDTO.swift */; };
		3C98B6229A40AE575E555DD3 /* UserMissionDTO.swift in Sources */ = {isa = PBXBuildFile; fileRef = 1FF2D420C15A8CD456E8DC30 /* UserMissionDTO.swift */; };
		438C19947242D6CFB8AC8C3C /* Then in Frameworks */ = {isa = PBXBuildFile; productRef = F33D01A7719EFF0AAC1F4553 /* Then */; };
		440B38A27D7BBAF50954D2AD /* MissionCaptureViewController.swift in Sources */ = {isa = PBXBuildFile; fileRef = C751E5EBE21EB580EDA7B271 /* MissionCaptureViewController.swift */; };
		4415FE06EE16D244BBF3330B /* Moya in Frameworks */ = {isa = PBXBuildFile; productRef = F53A2A0808EDEC1E4E066476 /* Moya */; };
		458057BFDC287B0EA4B6BD3B /* KakaoLoginManager.swift in Sources */ = {isa = PBXBuildFile; fileRef = ADA2979F5427F3DB89EA3606 /* KakaoLoginManager.swift */; };
		48263E8BD659400B66C646E0 /* RouteViewController.swift in Sources */ = {isa = PBXBuildFile; fileRef = 9587F3AD9D988C5670ECE673 /* RouteViewController.swift */; };
		4B9C724FE3DB3ACC04A922A9 /* KakaoSDKCommon in Frameworks */ = {isa = PBXBuildFile; productRef = EF9811D959FEEF1EB384CCE8 /* KakaoSDKCommon */; };
		4D165CFD655FB62BA3F917A9 /* SlotTargetType.swift in Sources */ = {isa = PBXBuildFile; fileRef = E47C59EA33D9AEC97CE4D561 /* SlotTargetType.swift */; };
		52B7208371CB9EEE69AFAA92 /* DomainEnums.swift in Sources */ = {isa = PBXBuildFile; fileRef = 7C7A50F1407A596BD62A8061 /* DomainEnums.swift */; };
		52DA457549232EE7A9833BBE /* ChatWireDTO.swift in Sources */ = {isa = PBXBuildFile; fileRef = 8BDFEB7E3B0B378D9062897B /* ChatWireDTO.swift */; };
		5394A69B6A8FD0E59F1BB2A9 /* CourseTargetType.swift in Sources */ = {isa = PBXBuildFile; fileRef = A048E610267E2541A63405C5 /* CourseTargetType.swift */; };
		56B8D5841B2DE69938D394C9 /* APIClient.swift in Sources */ = {isa = PBXBuildFile; fileRef = 8109D257F8AFEEC7587B3A49 /* APIClient.swift */; };
		57551C8822573C1AE36E8389 /* SlotService.swift in Sources */ = {isa = PBXBuildFile; fileRef = 3EA2A2537240873C7A9EFF30 /* SlotService.swift */; };
		5758285E473DDBC7EDF16A9B /* HealthTargetType.swift in Sources */ = {isa = PBXBuildFile; fileRef = 1A0CE7B376F21AF9D252F934 /* HealthTargetType.swift */; };
		58279E4A98E48BB9EDE3FB59 /* ShortformEditorViewController.swift in Sources */ = {isa = PBXBuildFile; fileRef = 59A1343CDA56CF993EB3BE6C /* ShortformEditorViewController.swift */; };
		5869A73C00257BEE8177397A /* VideoTargetType.swift in Sources */ = {isa = PBXBuildFile; fileRef = 2F9A84DD7C1506757405A86D /* VideoTargetType.swift */; };
		6796F53365BB4099863B2D81 /* KakaoSDKAuth in Frameworks */ = {isa = PBXBuildFile; productRef = 1D6B322057B09A7572073EA7 /* KakaoSDKAuth */; };
		6CC2D0677FBDC5EA0537A204 /* ResultViewController.swift in Sources */ = {isa = PBXBuildFile; fileRef = D9DFA7AF1F3021B450429981 /* ResultViewController.swift */; };
		6F4368B7B71572E11FDB2503 /* MissionAllClearViewController.swift in Sources */ = {isa = PBXBuildFile; fileRef = 7886A6CFF8548183DF63DF23 /* MissionAllClearViewController.swift */; };
		71E69ADFB10FC63A6DE195B0 /* OnboardingModels.swift in Sources */ = {isa = PBXBuildFile; fileRef = C53FAF7BAA965AF80FE4E282 /* OnboardingModels.swift */; };
		7AD290E2C63C4E298D8CB050 /* LoginViewController.swift in Sources */ = {isa = PBXBuildFile; fileRef = 02E15BECA74C92116EFD3748 /* LoginViewController.swift */; };
		7C0F1018F90DC1C5C348C686 /* ChatService.swift in Sources */ = {isa = PBXBuildFile; fileRef = 2DB3DEED461C3524DC3F3AAC /* ChatService.swift */; };
		80CFC732B01F123D6BDC88BE /* VideoDTO.swift in Sources */ = {isa = PBXBuildFile; fileRef = 4CBE4BA3F06C9BBA6316A372 /* VideoDTO.swift */; };
		838F67FD09CB4B8CE03280FB /* DestinationDetailViewController.swift in Sources */ = {isa = PBXBuildFile; fileRef = D6AD284811036287D89B3322 /* DestinationDetailViewController.swift */; };
		83BCB4A1B8F18C818ED22F72 /* SampleData.swift in Sources */ = {isa = PBXBuildFile; fileRef = B6EDB04106BE259C9BD077DB /* SampleData.swift */; };
		86144D60C8E2145B32B6B5B0 /* RootTabBarController.swift in Sources */ = {isa = PBXBuildFile; fileRef = 8D9AEC4B8617C8AE48B84B49 /* RootTabBarController.swift */; };
		8827500BFBA84850E7FED46B /* AppColor.swift in Sources */ = {isa = PBXBuildFile; fileRef = CCBFEA9C6ECA660D6C4CD230 /* AppColor.swift */; };
		882FAD1BA89892FCC2267986 /* MissionDTO.swift in Sources */ = {isa = PBXBuildFile; fileRef = 59CEA065E5B31E9A756448AF /* MissionDTO.swift */; };
		8C0264173C4A297ED5C2FCD6 /* AppFont.swift in Sources */ = {isa = PBXBuildFile; fileRef = D468AD6AA952E32E9CF59C38 /* AppFont.swift */; };
		93BCCEB6100287327DE97827 /* MissionArrivalViewController.swift in Sources */ = {isa = PBXBuildFile; fileRef = 0170DD09478BB5A7FA00210F /* MissionArrivalViewController.swift */; };
		94D4339E72FE95C83E510403 /* MissionService.swift in Sources */ = {isa = PBXBuildFile; fileRef = B07C478018B5521C6860062F /* MissionService.swift */; };
		9517375C87F00D74785766D7 /* MissionTargetType.swift in Sources */ = {isa = PBXBuildFile; fileRef = BCF86343D78581904B9ED9E0 /* MissionTargetType.swift */; };
		95354892220FCACB379FDE9E /* CommunityDTO.swift in Sources */ = {isa = PBXBuildFile; fileRef = F051CB5DB28523A5C1551321 /* CommunityDTO.swift */; };
		9A08903AD3F2A8C10424B59A /* NetworkManagerExtension.swift in Sources */ = {isa = PBXBuildFile; fileRef = BC70A7EEE82EB22E1124C82B /* NetworkManagerExtension.swift */; };
		9E5E73513EA09D97E9953B3A /* SnapKit in Frameworks */ = {isa = PBXBuildFile; productRef = 4304FE22D659543E91F85DBB /* SnapKit */; };
		AA9D16CE9F12588EEDB2B8AC /* LocationProvider.swift in Sources */ = {isa = PBXBuildFile; fileRef = 4B7587D59A84C65A0C437F16 /* LocationProvider.swift */; };
		B14BBBFD49FAFF58132E0C24 /* CourseDTO.swift in Sources */ = {isa = PBXBuildFile; fileRef = AF54A735696CF90CF9CC1867 /* CourseDTO.swift */; };
		B24A18FC1B81EBFCDAC69530 /* MissionDetailViewController.swift in Sources */ = {isa = PBXBuildFile; fileRef = 37FCC23E5F530FE67EF18991 /* MissionDetailViewController.swift */; };
		BBFA303B134EA6BB136650E5 /* MissionCompleteViewController.swift in Sources */ = {isa = PBXBuildFile; fileRef = E87FBA527292DC03D10D2DD9 /* MissionCompleteViewController.swift */; };
		C2F98A21CEDD357431382BBC /* SquarePuzzleView.swift in Sources */ = {isa = PBXBuildFile; fileRef = 6F08DD6CF611C8C901B82121 /* SquarePuzzleView.swift */; };
		C31863614B7BCF8EC4088E42 /* SceneDelegate.swift in Sources */ = {isa = PBXBuildFile; fileRef = D6EB262DDA2FFD6C64AE615E /* SceneDelegate.swift */; };
		C76CB99509A1CF541D248061 /* WantedSans-SemiBold.ttf in Resources */ = {isa = PBXBuildFile; fileRef = 5AEE153BD3C2F52DEEAFFC49 /* WantedSans-SemiBold.ttf */; };
		CB1D841A2CADA6562069BCD1 /* CourseService.swift in Sources */ = {isa = PBXBuildFile; fileRef = A6EE7B6B0E3020B7CB731969 /* CourseService.swift */; };
		CEC1A614A88294E627D6C356 /* RouteTargetType.swift in Sources */ = {isa = PBXBuildFile; fileRef = 660B9463991C419DF3A185C6 /* RouteTargetType.swift */; };
		D0D9F9F3C1DE115C347DD035 /* AuthTargetType.swift in Sources */ = {isa = PBXBuildFile; fileRef = D86C9522449763F82D91B289 /* AuthTargetType.swift */; };
		D2B5E1987CD9CDEDD6B80098 /* NetworkManagerProtocol.swift in Sources */ = {isa = PBXBuildFile; fileRef = 119935C8853E7F9F5A03F3EE /* NetworkManagerProtocol.swift */; };
		D3E73839A9F1478207DB5DE8 /* PuzzleDTO.swift in Sources */ = {isa = PBXBuildFile; fileRef = F7E2E7E4479554E4DFA20754 /* PuzzleDTO.swift */; };
		D43B8929E1F8670194C76B01 /* AuthService.swift in Sources */ = {isa = PBXBuildFile; fileRef = 000950F52B6F1C14B0AADB8C /* AuthService.swift */; };
		D5E873196ED1AB9D937F09D5 /* MissionModels.swift in Sources */ = {isa = PBXBuildFile; fileRef = E0B13232607868F90273386F /* MissionModels.swift */; };
		DCD02D39674013BD10B785D2 /* CommonResponseDTO.swift in Sources */ = {isa = PBXBuildFile; fileRef = 581BFEBE8154C0160C66F026 /* CommonResponseDTO.swift */; };
		DD6AB529B207A16FEAC0E393 /* PuzzleHomeViewController.swift in Sources */ = {isa = PBXBuildFile; fileRef = D4C820AD10D96C1C8656F3F8 /* PuzzleHomeViewController.swift */; };
		DEC47B97ED7B6EAEE5510246 /* SlotMachineViewController.swift in Sources */ = {isa = PBXBuildFile; fileRef = FBA6052912ADE9D492BC448F /* SlotMachineViewController.swift */; };
		DFBB559A407135A542A9BA2D /* ChatRoomViewController.swift in Sources */ = {isa = PBXBuildFile; fileRef = 23B3A5D6A16866CB45FAC6A3 /* ChatRoomViewController.swift */; };
		EB6E81688873AC63D141A782 /* NetworkError.swift in Sources */ = {isa = PBXBuildFile; fileRef = 7DF39FC156D02D81B58E753B /* NetworkError.swift */; };
		EBA74F2146D50F82109C6E20 /* WantedSans-Regular.ttf in Resources */ = {isa = PBXBuildFile; fileRef = 237B9F890F61672A3FF324AE /* WantedSans-Regular.ttf */; };
		EEDF7F89CCEE161E844CF8B7 /* OnboardingSteps.swift in Sources */ = {isa = PBXBuildFile; fileRef = CB6A35D58718F30B5E87E6E7 /* OnboardingSteps.swift */; };
		F266F2D0120CC169BE64909E /* Assets.xcassets in Resources */ = {isa = PBXBuildFile; fileRef = 859C0AC804F25BD7D8291760 /* Assets.xcassets */; };
		F37B40FDE47D0622A84F665D /* WantedSans-Bold.ttf in Resources */ = {isa = PBXBuildFile; fileRef = 579219D0631FFB554A012C9C /* WantedSans-Bold.ttf */; };
		F9CFBD961A3A4CB90BFAE474 /* Kingfisher in Frameworks */ = {isa = PBXBuildFile; productRef = D212BE3CF5494BFB379846AB /* Kingfisher */; };
		FA4496BA2F6AA2E598060135 /* BaseScrollViewController.swift in Sources */ = {isa = PBXBuildFile; fileRef = 4468907E63E84EEE0792E47C /* BaseScrollViewController.swift */; };
		FDE22F6FB66AD64E74DE0D19 /* HealthDTO.swift in Sources */ = {isa = PBXBuildFile; fileRef = 27E48B2E78E56C1121D0F230 /* HealthDTO.swift */; };
/* End PBXBuildFile section */

/* Begin PBXFileReference section */
		000950F52B6F1C14B0AADB8C /* AuthService.swift */ = {isa = PBXFileReference; lastKnownFileType = sourcecode.swift; path = AuthService.swift; sourceTree = "<group>"; };
		00396A0CA8410053CCB8F70B /* ChatTargetType.swift */ = {isa = PBXFileReference; lastKnownFileType = sourcecode.swift; path = ChatTargetType.swift; sourceTree = "<group>"; };
		00DC7E83C489DC5B2D54F40D /* PlaceDetailModels.swift */ = {isa = PBXFileReference; lastKnownFileType = sourcecode.swift; path = PlaceDetailModels.swift; sourceTree = "<group>"; };
		0170DD09478BB5A7FA00210F /* MissionArrivalViewController.swift */ = {isa = PBXFileReference; lastKnownFileType = sourcecode.swift; path = MissionArrivalViewController.swift; sourceTree = "<group>"; };
		02E15BECA74C92116EFD3748 /* LoginViewController.swift */ = {isa = PBXFileReference; lastKnownFileType = sourcecode.swift; path = LoginViewController.swift; sourceTree = "<group>"; };
		119935C8853E7F9F5A03F3EE /* NetworkManagerProtocol.swift */ = {isa = PBXFileReference; lastKnownFileType = sourcecode.swift; path = NetworkManagerProtocol.swift; sourceTree = "<group>"; };
		1A0CE7B376F21AF9D252F934 /* HealthTargetType.swift */ = {isa = PBXFileReference; lastKnownFileType = sourcecode.swift; path = HealthTargetType.swift; sourceTree = "<group>"; };
		1BF72953E8AB3DE0FB42A001 /* VideoService.swift */ = {isa = PBXFileReference; lastKnownFileType = sourcecode.swift; path = VideoService.swift; sourceTree = "<group>"; };
		1FF2D420C15A8CD456E8DC30 /* UserMissionDTO.swift */ = {isa = PBXFileReference; lastKnownFileType = sourcecode.swift; path = UserMissionDTO.swift; sourceTree = "<group>"; };
		22E80A31F1E5B9696585F9D0 /* RouteFindViewController.swift */ = {isa = PBXFileReference; lastKnownFileType = sourcecode.swift; path = RouteFindViewController.swift; sourceTree = "<group>"; };
		237B9F890F61672A3FF324AE /* WantedSans-Regular.ttf */ = {isa = PBXFileReference; lastKnownFileType = file; path = "WantedSans-Regular.ttf"; sourceTree = "<group>"; };
		23B3A5D6A16866CB45FAC6A3 /* ChatRoomViewController.swift */ = {isa = PBXFileReference; lastKnownFileType = sourcecode.swift; path = ChatRoomViewController.swift; sourceTree = "<group>"; };
		27E48B2E78E56C1121D0F230 /* HealthDTO.swift */ = {isa = PBXFileReference; lastKnownFileType = sourcecode.swift; path = HealthDTO.swift; sourceTree = "<group>"; };
		2DB3DEED461C3524DC3F3AAC /* ChatService.swift */ = {isa = PBXFileReference; lastKnownFileType = sourcecode.swift; path = ChatService.swift; sourceTree = "<group>"; };
		2F9A84DD7C1506757405A86D /* VideoTargetType.swift */ = {isa = PBXFileReference; lastKnownFileType = sourcecode.swift; path = VideoTargetType.swift; sourceTree = "<group>"; };
		32DAE0EFF73F4F2526F4C8F4 /* RecommendDTO.swift */ = {isa = PBXFileReference; lastKnownFileType = sourcecode.swift; path = RecommendDTO.swift; sourceTree = "<group>"; };
		37FCC23E5F530FE67EF18991 /* MissionDetailViewController.swift */ = {isa = PBXFileReference; lastKnownFileType = sourcecode.swift; path = MissionDetailViewController.swift; sourceTree = "<group>"; };
		3EA2A2537240873C7A9EFF30 /* SlotService.swift */ = {isa = PBXFileReference; lastKnownFileType = sourcecode.swift; path = SlotService.swift; sourceTree = "<group>"; };
		411D8DDF02A5953EF76A7C65 /* CommunityFeedViewController.swift */ = {isa = PBXFileReference; lastKnownFileType = sourcecode.swift; path = CommunityFeedViewController.swift; sourceTree = "<group>"; };
		4468907E63E84EEE0792E47C /* BaseScrollViewController.swift */ = {isa = PBXFileReference; lastKnownFileType = sourcecode.swift; path = BaseScrollViewController.swift; sourceTree = "<group>"; };
		4ABCDFC4A467EE2396E85027 /* Components.swift */ = {isa = PBXFileReference; lastKnownFileType = sourcecode.swift; path = Components.swift; sourceTree = "<group>"; };
		4B7587D59A84C65A0C437F16 /* LocationProvider.swift */ = {isa = PBXFileReference; lastKnownFileType = sourcecode.swift; path = LocationProvider.swift; sourceTree = "<group>"; };
		4CBE4BA3F06C9BBA6316A372 /* VideoDTO.swift */ = {isa = PBXFileReference; lastKnownFileType = sourcecode.swift; path = VideoDTO.swift; sourceTree = "<group>"; };
		4E7586339FAD149310C135D3 /* OnboardingViews.swift */ = {isa = PBXFileReference; lastKnownFileType = sourcecode.swift; path = OnboardingViews.swift; sourceTree = "<group>"; };
		4E8DC7DD0FB86A1BC9A5D183 /* OnboardingStepViewController.swift */ = {isa = PBXFileReference; lastKnownFileType = sourcecode.swift; path = OnboardingStepViewController.swift; sourceTree = "<group>"; };
		579219D0631FFB554A012C9C /* WantedSans-Bold.ttf */ = {isa = PBXFileReference; lastKnownFileType = file; path = "WantedSans-Bold.ttf"; sourceTree = "<group>"; };
		581BFEBE8154C0160C66F026 /* CommonResponseDTO.swift */ = {isa = PBXFileReference; lastKnownFileType = sourcecode.swift; path = CommonResponseDTO.swift; sourceTree = "<group>"; };
		59A1343CDA56CF993EB3BE6C /* ShortformEditorViewController.swift */ = {isa = PBXFileReference; lastKnownFileType = sourcecode.swift; path = ShortformEditorViewController.swift; sourceTree = "<group>"; };
		59CEA065E5B31E9A756448AF /* MissionDTO.swift */ = {isa = PBXFileReference; lastKnownFileType = sourcecode.swift; path = MissionDTO.swift; sourceTree = "<group>"; };
		5AEE153BD3C2F52DEEAFFC49 /* WantedSans-SemiBold.ttf */ = {isa = PBXFileReference; lastKnownFileType = file; path = "WantedSans-SemiBold.ttf"; sourceTree = "<group>"; };
		5BCE30B64CBD8E3DF568F577 /* HealthService.swift */ = {isa = PBXFileReference; lastKnownFileType = sourcecode.swift; path = HealthService.swift; sourceTree = "<group>"; };
		660B9463991C419DF3A185C6 /* RouteTargetType.swift */ = {isa = PBXFileReference; lastKnownFileType = sourcecode.swift; path = RouteTargetType.swift; sourceTree = "<group>"; };
		66D875F0F8081BBDB9927314 /* LottoTrip.app */ = {isa = PBXFileReference; includeInIndex = 0; lastKnownFileType = wrapper.application; path = LottoTrip.app; sourceTree = BUILT_PRODUCTS_DIR; };
		6E1644B77D466EC81736EB0A /* AuthDTO.swift */ = {isa = PBXFileReference; lastKnownFileType = sourcecode.swift; path = AuthDTO.swift; sourceTree = "<group>"; };
		6F08DD6CF611C8C901B82121 /* SquarePuzzleView.swift */ = {isa = PBXFileReference; lastKnownFileType = sourcecode.swift; path = SquarePuzzleView.swift; sourceTree = "<group>"; };
		72EA5EEDF66AD688931DB12C /* BearerTokenPlugin.swift */ = {isa = PBXFileReference; lastKnownFileType = sourcecode.swift; path = BearerTokenPlugin.swift; sourceTree = "<group>"; };
		7301A9B51A38B2257DA45B62 /* SlotDTO.swift */ = {isa = PBXFileReference; lastKnownFileType = sourcecode.swift; path = SlotDTO.swift; sourceTree = "<group>"; };
		7886A6CFF8548183DF63DF23 /* MissionAllClearViewController.swift */ = {isa = PBXFileReference; lastKnownFileType = sourcecode.swift; path = MissionAllClearViewController.swift; sourceTree = "<group>"; };
		7C7A50F1407A596BD62A8061 /* DomainEnums.swift */ = {isa = PBXFileReference; lastKnownFileType = sourcecode.swift; path = DomainEnums.swift; sourceTree = "<group>"; };
		7DF39FC156D02D81B58E753B /* NetworkError.swift */ = {isa = PBXFileReference; lastKnownFileType = sourcecode.swift; path = NetworkError.swift; sourceTree = "<group>"; };
		8109D257F8AFEEC7587B3A49 /* APIClient.swift */ = {isa = PBXFileReference; lastKnownFileType = sourcecode.swift; path = APIClient.swift; sourceTree = "<group>"; };
		859C0AC804F25BD7D8291760 /* Assets.xcassets */ = {isa = PBXFileReference; lastKnownFileType = folder.assetcatalog; path = Assets.xcassets; sourceTree = "<group>"; };
		8BDFEB7E3B0B378D9062897B /* ChatWireDTO.swift */ = {isa = PBXFileReference; lastKnownFileType = sourcecode.swift; path = ChatWireDTO.swift; sourceTree = "<group>"; };
		8BF9BBECCC33291C96A8B3BA /* PreferenceViewController.swift */ = {isa = PBXFileReference; lastKnownFileType = sourcecode.swift; path = PreferenceViewController.swift; sourceTree = "<group>"; };
		8D9AEC4B8617C8AE48B84B49 /* RootTabBarController.swift */ = {isa = PBXFileReference; lastKnownFileType = sourcecode.swift; path = RootTabBarController.swift; sourceTree = "<group>"; };
		906B25158798CFAB552A8D07 /* PuzzlePieceView.swift */ = {isa = PBXFileReference; lastKnownFileType = sourcecode.swift; path = PuzzlePieceView.swift; sourceTree = "<group>"; };
		9587F3AD9D988C5670ECE673 /* RouteViewController.swift */ = {isa = PBXFileReference; lastKnownFileType = sourcecode.swift; path = RouteViewController.swift; sourceTree = "<group>"; };
		9EF7D7E10CEA5B88F2D0CE6B /* Domain.swift */ = {isa = PBXFileReference; lastKnownFileType = sourcecode.swift; path = Domain.swift; sourceTree = "<group>"; };
		A048E610267E2541A63405C5 /* CourseTargetType.swift */ = {isa = PBXFileReference; lastKnownFileType = sourcecode.swift; path = CourseTargetType.swift; sourceTree = "<group>"; };
		A6EE7B6B0E3020B7CB731969 /* CourseService.swift */ = {isa = PBXFileReference; lastKnownFileType = sourcecode.swift; path = CourseService.swift; sourceTree = "<group>"; };
		AC492BAB7B2FDB1408561186 /* AppDelegate.swift */ = {isa = PBXFileReference; lastKnownFileType = sourcecode.swift; path = AppDelegate.swift; sourceTree = "<group>"; };
		ADA2979F5427F3DB89EA3606 /* KakaoLoginManager.swift */ = {isa = PBXFileReference; lastKnownFileType = sourcecode.swift; path = KakaoLoginManager.swift; sourceTree = "<group>"; };
		AF54A735696CF90CF9CC1867 /* CourseDTO.swift */ = {isa = PBXFileReference; lastKnownFileType = sourcecode.swift; path = CourseDTO.swift; sourceTree = "<group>"; };
		B07C478018B5521C6860062F /* MissionService.swift */ = {isa = PBXFileReference; lastKnownFileType = sourcecode.swift; path = MissionService.swift; sourceTree = "<group>"; };
		B6EDB04106BE259C9BD077DB /* SampleData.swift */ = {isa = PBXFileReference; lastKnownFileType = sourcecode.swift; path = SampleData.swift; sourceTree = "<group>"; };
		BC70A7EEE82EB22E1124C82B /* NetworkManagerExtension.swift */ = {isa = PBXFileReference; lastKnownFileType = sourcecode.swift; path = NetworkManagerExtension.swift; sourceTree = "<group>"; };
		BCF86343D78581904B9ED9E0 /* MissionTargetType.swift */ = {isa = PBXFileReference; lastKnownFileType = sourcecode.swift; path = MissionTargetType.swift; sourceTree = "<group>"; };
		BD18D8754A3339EA28055BD5 /* WantedSans-Medium.ttf */ = {isa = PBXFileReference; lastKnownFileType = file; path = "WantedSans-Medium.ttf"; sourceTree = "<group>"; };
		C53FAF7BAA965AF80FE4E282 /* OnboardingModels.swift */ = {isa = PBXFileReference; lastKnownFileType = sourcecode.swift; path = OnboardingModels.swift; sourceTree = "<group>"; };
		C751E5EBE21EB580EDA7B271 /* MissionCaptureViewController.swift */ = {isa = PBXFileReference; lastKnownFileType = sourcecode.swift; path = MissionCaptureViewController.swift; sourceTree = "<group>"; };
		CB6A35D58718F30B5E87E6E7 /* OnboardingSteps.swift */ = {isa = PBXFileReference; lastKnownFileType = sourcecode.swift; path = OnboardingSteps.swift; sourceTree = "<group>"; };
		CCBFEA9C6ECA660D6C4CD230 /* AppColor.swift */ = {isa = PBXFileReference; lastKnownFileType = sourcecode.swift; path = AppColor.swift; sourceTree = "<group>"; };
		D468AD6AA952E32E9CF59C38 /* AppFont.swift */ = {isa = PBXFileReference; lastKnownFileType = sourcecode.swift; path = AppFont.swift; sourceTree = "<group>"; };
		D4C820AD10D96C1C8656F3F8 /* PuzzleHomeViewController.swift */ = {isa = PBXFileReference; lastKnownFileType = sourcecode.swift; path = PuzzleHomeViewController.swift; sourceTree = "<group>"; };
		D4E78723E37B2FCE3344BB9A /* MyPageViewController.swift */ = {isa = PBXFileReference; lastKnownFileType = sourcecode.swift; path = MyPageViewController.swift; sourceTree = "<group>"; };
		D6AD284811036287D89B3322 /* DestinationDetailViewController.swift */ = {isa = PBXFileReference; lastKnownFileType = sourcecode.swift; path = DestinationDetailViewController.swift; sourceTree = "<group>"; };
		D6EB262DDA2FFD6C64AE615E /* SceneDelegate.swift */ = {isa = PBXFileReference; lastKnownFileType = sourcecode.swift; path = SceneDelegate.swift; sourceTree = "<group>"; };
		D6F4DD2B85FC7916BBAD941C /* RouteService.swift */ = {isa = PBXFileReference; lastKnownFileType = sourcecode.swift; path = RouteService.swift; sourceTree = "<group>"; };
		D86C9522449763F82D91B289 /* AuthTargetType.swift */ = {isa = PBXFileReference; lastKnownFileType = sourcecode.swift; path = AuthTargetType.swift; sourceTree = "<group>"; };
		D9DFA7AF1F3021B450429981 /* ResultViewController.swift */ = {isa = PBXFileReference; lastKnownFileType = sourcecode.swift; path = ResultViewController.swift; sourceTree = "<group>"; };
		DE265568CFF182E1CC7C4568 /* RouteDTO.swift */ = {isa = PBXFileReference; lastKnownFileType = sourcecode.swift; path = RouteDTO.swift; sourceTree = "<group>"; };
		E0B13232607868F90273386F /* MissionModels.swift */ = {isa = PBXFileReference; lastKnownFileType = sourcecode.swift; path = MissionModels.swift; sourceTree = "<group>"; };
		E47C59EA33D9AEC97CE4D561 /* SlotTargetType.swift */ = {isa = PBXFileReference; lastKnownFileType = sourcecode.swift; path = SlotTargetType.swift; sourceTree = "<group>"; };
		E87FBA527292DC03D10D2DD9 /* MissionCompleteViewController.swift */ = {isa = PBXFileReference; lastKnownFileType = sourcecode.swift; path = MissionCompleteViewController.swift; sourceTree = "<group>"; };
		EF8180C5A81991E305CE18C3 /* Info.plist */ = {isa = PBXFileReference; lastKnownFileType = text.plist; path = Info.plist; sourceTree = "<group>"; };
		F051CB5DB28523A5C1551321 /* CommunityDTO.swift */ = {isa = PBXFileReference; lastKnownFileType = sourcecode.swift; path = CommunityDTO.swift; sourceTree = "<group>"; };
		F7E2E7E4479554E4DFA20754 /* PuzzleDTO.swift */ = {isa = PBXFileReference; lastKnownFileType = sourcecode.swift; path = PuzzleDTO.swift; sourceTree = "<group>"; };
		FA1FE31D6459E9E8D732730D /* MissionListViewController.swift */ = {isa = PBXFileReference; lastKnownFileType = sourcecode.swift; path = MissionListViewController.swift; sourceTree = "<group>"; };
		FBA6052912ADE9D492BC448F /* SlotMachineViewController.swift */ = {isa = PBXFileReference; lastKnownFileType = sourcecode.swift; path = SlotMachineViewController.swift; sourceTree = "<group>"; };
/* End PBXFileReference section */

/* Begin PBXFrameworksBuildPhase section */
		AE88A3DA5CF478A56D629CEA /* Frameworks */ = {
			isa = PBXFrameworksBuildPhase;
			buildActionMask = 2147483647;
			files = (
				4415FE06EE16D244BBF3330B /* Moya in Frameworks */,
				32CA30AC54B3A09288089E6F /* Alamofire in Frameworks */,
				9E5E73513EA09D97E9953B3A /* SnapKit in Frameworks */,
				438C19947242D6CFB8AC8C3C /* Then in Frameworks */,
				F9CFBD961A3A4CB90BFAE474 /* Kingfisher in Frameworks */,
				4B9C724FE3DB3ACC04A922A9 /* KakaoSDKCommon in Frameworks */,
				6796F53365BB4099863B2D81 /* KakaoSDKAuth in Frameworks */,
				2B172DC4255882561F79BE8C /* KakaoSDKUser in Frameworks */,
			);
			runOnlyForDeploymentPostprocessing = 0;
		};
/* End PBXFrameworksBuildPhase section */

/* Begin PBXGroup section */
		0772898D6AA4BC8A37F51C82 /* NetworkManager */ = {
			isa = PBXGroup;
			children = (
				BC70A7EEE82EB22E1124C82B /* NetworkManagerExtension.swift */,
				119935C8853E7F9F5A03F3EE /* NetworkManagerProtocol.swift */,
			);
			path = NetworkManager;
			sourceTree = "<group>";
		};
		07F8BC12C2177279B5FD51DB /* Onboarding */ = {
			isa = PBXGroup;
			children = (
				C53FAF7BAA965AF80FE4E282 /* OnboardingModels.swift */,
				CB6A35D58718F30B5E87E6E7 /* OnboardingSteps.swift */,
				4E8DC7DD0FB86A1BC9A5D183 /* OnboardingStepViewController.swift */,
				4E7586339FAD149310C135D3 /* OnboardingViews.swift */,
				8BF9BBECCC33291C96A8B3BA /* PreferenceViewController.swift */,
			);
			path = Onboarding;
			sourceTree = "<group>";
		};
		0CEDE17C9DF246C0DE222FE3 /* Detail */ = {
			isa = PBXGroup;
			children = (
				D6AD284811036287D89B3322 /* DestinationDetailViewController.swift */,
				00DC7E83C489DC5B2D54F40D /* PlaceDetailModels.swift */,
				22E80A31F1E5B9696585F9D0 /* RouteFindViewController.swift */,
			);
			path = Detail;
			sourceTree = "<group>";
		};
		0F89F082E66ACABC2A0F15AC /* Slot */ = {
			isa = PBXGroup;
			children = (
				FBA6052912ADE9D492BC448F /* SlotMachineViewController.swift */,
			);
			path = Slot;
			sourceTree = "<group>";
		};
		11CF4B916D90F8B799D99C7C /* Community */ = {
			isa = PBXGroup;
			children = (
				411D8DDF02A5953EF76A7C65 /* CommunityFeedViewController.swift */,
			);
			path = Community;
			sourceTree = "<group>";
		};
		1353E58543C207674FBB2490 /* Chat */ = {
			isa = PBXGroup;
			children = (
				23B3A5D6A16866CB45FAC6A3 /* ChatRoomViewController.swift */,
			);
			path = Chat;
			sourceTree = "<group>";
		};
		1B815C684F5C0B53C613C25B /* Reward */ = {
			isa = PBXGroup;
			children = (
				E87FBA527292DC03D10D2DD9 /* MissionCompleteViewController.swift */,
			);
			path = Reward;
			sourceTree = "<group>";
		};
		1FEAA9AF1CEE6466467C6E75 /* App */ = {
			isa = PBXGroup;
			children = (
				AC492BAB7B2FDB1408561186 /* AppDelegate.swift */,
				8D9AEC4B8617C8AE48B84B49 /* RootTabBarController.swift */,
				D6EB262DDA2FFD6C64AE615E /* SceneDelegate.swift */,
			);
			path = App;
			sourceTree = "<group>";
		};
		440128B4C9536728D6BDD0B9 /* DesignSystem */ = {
			isa = PBXGroup;
			children = (
				CCBFEA9C6ECA660D6C4CD230 /* AppColor.swift */,
				D468AD6AA952E32E9CF59C38 /* AppFont.swift */,
				4468907E63E84EEE0792E47C /* BaseScrollViewController.swift */,
				4ABCDFC4A467EE2396E85027 /* Components.swift */,
				906B25158798CFAB552A8D07 /* PuzzlePieceView.swift */,
			);
			path = DesignSystem;
			sourceTree = "<group>";
		};
		4CAA021F5C422D1C742E51D1 /* LottoTrip */ = {
			isa = PBXGroup;
			children = (
				1FEAA9AF1CEE6466467C6E75 /* App */,
				440128B4C9536728D6BDD0B9 /* DesignSystem */,
				E94070A9AADFB17C2E28D109 /* Feature */,
				D81CD0D826655536EF11FABA /* Model */,
				BA7D7A3298188027398CF6F6 /* Network */,
				7CF9456E037A8C381E7C5487 /* Resources */,
				7CB62E513B78CE6EB97BA6F8 /* Support */,
			);
			path = LottoTrip;
			sourceTree = "<group>";
		};
		6218C4D33A5AFF6EB462D51B /* My */ = {
			isa = PBXGroup;
			children = (
				D4E78723E37B2FCE3344BB9A /* MyPageViewController.swift */,
			);
			path = My;
			sourceTree = "<group>";
		};
		62CE5C7D6E1C5CD2DE19AB79 /* Products */ = {
			isa = PBXGroup;
			children = (
				66D875F0F8081BBDB9927314 /* LottoTrip.app */,
			);
			name = Products;
			sourceTree = "<group>";
		};
		6CB550E98529914D55DABDF9 /* Shortform */ = {
			isa = PBXGroup;
			children = (
				59A1343CDA56CF993EB3BE6C /* ShortformEditorViewController.swift */,
			);
			path = Shortform;
			sourceTree = "<group>";
		};
		7CB62E513B78CE6EB97BA6F8 /* Support */ = {
			isa = PBXGroup;
			children = (
				4B7587D59A84C65A0C437F16 /* LocationProvider.swift */,
			);
			path = Support;
			sourceTree = "<group>";
		};
		7CF9456E037A8C381E7C5487 /* Resources */ = {
			isa = PBXGroup;
			children = (
				859C0AC804F25BD7D8291760 /* Assets.xcassets */,
				EF8180C5A81991E305CE18C3 /* Info.plist */,
				DE13398F119D86CDB2379678 /* Fonts */,
			);
			path = Resources;
			sourceTree = "<group>";
		};
		8E6955D457AC0F62469EB825 /* Auth */ = {
			isa = PBXGroup;
			children = (
				ADA2979F5427F3DB89EA3606 /* KakaoLoginManager.swift */,
				02E15BECA74C92116EFD3748 /* LoginViewController.swift */,
			);
			path = Auth;
			sourceTree = "<group>";
		};
		9E385833CAF55AC2C079B25A /* Result */ = {
			isa = PBXGroup;
			children = (
				D9DFA7AF1F3021B450429981 /* ResultViewController.swift */,
			);
			path = Result;
			sourceTree = "<group>";
		};
		A496C68CDE316217FC5C2AA4 /* Service */ = {
			isa = PBXGroup;
			children = (
				000950F52B6F1C14B0AADB8C /* AuthService.swift */,
				2DB3DEED461C3524DC3F3AAC /* ChatService.swift */,
				A6EE7B6B0E3020B7CB731969 /* CourseService.swift */,
				5BCE30B64CBD8E3DF568F577 /* HealthService.swift */,
				B07C478018B5521C6860062F /* MissionService.swift */,
				D6F4DD2B85FC7916BBAD941C /* RouteService.swift */,
				3EA2A2537240873C7A9EFF30 /* SlotService.swift */,
				1BF72953E8AB3DE0FB42A001 /* VideoService.swift */,
			);
			path = Service;
			sourceTree = "<group>";
		};
		B6C462749C8238D2659FD6A1 /* TargetType */ = {
			isa = PBXGroup;
			children = (
				D86C9522449763F82D91B289 /* AuthTargetType.swift */,
				00396A0CA8410053CCB8F70B /* ChatTargetType.swift */,
				A048E610267E2541A63405C5 /* CourseTargetType.swift */,
				1A0CE7B376F21AF9D252F934 /* HealthTargetType.swift */,
				BCF86343D78581904B9ED9E0 /* MissionTargetType.swift */,
				660B9463991C419DF3A185C6 /* RouteTargetType.swift */,
				E47C59EA33D9AEC97CE4D561 /* SlotTargetType.swift */,
				2F9A84DD7C1506757405A86D /* VideoTargetType.swift */,
			);
			path = TargetType;
			sourceTree = "<group>";
		};
		BA7D7A3298188027398CF6F6 /* Network */ = {
			isa = PBXGroup;
			children = (
				8109D257F8AFEEC7587B3A49 /* APIClient.swift */,
				72EA5EEDF66AD688931DB12C /* BearerTokenPlugin.swift */,
				581BFEBE8154C0160C66F026 /* CommonResponseDTO.swift */,
				9EF7D7E10CEA5B88F2D0CE6B /* Domain.swift */,
				7DF39FC156D02D81B58E753B /* NetworkError.swift */,
				0772898D6AA4BC8A37F51C82 /* NetworkManager */,
				A496C68CDE316217FC5C2AA4 /* Service */,
				B6C462749C8238D2659FD6A1 /* TargetType */,
			);
			path = Network;
			sourceTree = "<group>";
		};
		CE4D69457CB566AE9C4C5601 /* Mission */ = {
			isa = PBXGroup;
			children = (
				7886A6CFF8548183DF63DF23 /* MissionAllClearViewController.swift */,
				0170DD09478BB5A7FA00210F /* MissionArrivalViewController.swift */,
				C751E5EBE21EB580EDA7B271 /* MissionCaptureViewController.swift */,
				37FCC23E5F530FE67EF18991 /* MissionDetailViewController.swift */,
				FA1FE31D6459E9E8D732730D /* MissionListViewController.swift */,
				E0B13232607868F90273386F /* MissionModels.swift */,
				6F08DD6CF611C8C901B82121 /* SquarePuzzleView.swift */,
			);
			path = Mission;
			sourceTree = "<group>";
		};
		D81CD0D826655536EF11FABA /* Model */ = {
			isa = PBXGroup;
			children = (
				6E1644B77D466EC81736EB0A /* AuthDTO.swift */,
				8BDFEB7E3B0B378D9062897B /* ChatWireDTO.swift */,
				F051CB5DB28523A5C1551321 /* CommunityDTO.swift */,
				AF54A735696CF90CF9CC1867 /* CourseDTO.swift */,
				7C7A50F1407A596BD62A8061 /* DomainEnums.swift */,
				27E48B2E78E56C1121D0F230 /* HealthDTO.swift */,
				59CEA065E5B31E9A756448AF /* MissionDTO.swift */,
				F7E2E7E4479554E4DFA20754 /* PuzzleDTO.swift */,
				32DAE0EFF73F4F2526F4C8F4 /* RecommendDTO.swift */,
				DE265568CFF182E1CC7C4568 /* RouteDTO.swift */,
				B6EDB04106BE259C9BD077DB /* SampleData.swift */,
				7301A9B51A38B2257DA45B62 /* SlotDTO.swift */,
				1FF2D420C15A8CD456E8DC30 /* UserMissionDTO.swift */,
				4CBE4BA3F06C9BBA6316A372 /* VideoDTO.swift */,
			);
			path = Model;
			sourceTree = "<group>";
		};
		DE13398F119D86CDB2379678 /* Fonts */ = {
			isa = PBXGroup;
			children = (
				579219D0631FFB554A012C9C /* WantedSans-Bold.ttf */,
				BD18D8754A3339EA28055BD5 /* WantedSans-Medium.ttf */,
				237B9F890F61672A3FF324AE /* WantedSans-Regular.ttf */,
				5AEE153BD3C2F52DEEAFFC49 /* WantedSans-SemiBold.ttf */,
			);
			path = Fonts;
			sourceTree = "<group>";
		};
		E94070A9AADFB17C2E28D109 /* Feature */ = {
			isa = PBXGroup;
			children = (
				8E6955D457AC0F62469EB825 /* Auth */,
				1353E58543C207674FBB2490 /* Chat */,
				11CF4B916D90F8B799D99C7C /* Community */,
				0CEDE17C9DF246C0DE222FE3 /* Detail */,
				CE4D69457CB566AE9C4C5601 /* Mission */,
				6218C4D33A5AFF6EB462D51B /* My */,
				F8CFCE484D3A5D89BD1D1FDE /* Navigation */,
				07F8BC12C2177279B5FD51DB /* Onboarding */,
				F2FD595108DD7E69C8495149 /* Puzzle */,
				9E385833CAF55AC2C079B25A /* Result */,
				1B815C684F5C0B53C613C25B /* Reward */,
				6CB550E98529914D55DABDF9 /* Shortform */,
				0F89F082E66ACABC2A0F15AC /* Slot */,
			);
			path = Feature;
			sourceTree = "<group>";
		};
		F2FD595108DD7E69C8495149 /* Puzzle */ = {
			isa = PBXGroup;
			children = (
				D4C820AD10D96C1C8656F3F8 /* PuzzleHomeViewController.swift */,
			);
			path = Puzzle;
			sourceTree = "<group>";
		};
		F8CFCE484D3A5D89BD1D1FDE /* Navigation */ = {
			isa = PBXGroup;
			children = (
				9587F3AD9D988C5670ECE673 /* RouteViewController.swift */,
			);
			path = Navigation;
			sourceTree = "<group>";
		};
		FFDD62CE5A404CEA44C5A48F = {
			isa = PBXGroup;
			children = (
				4CAA021F5C422D1C742E51D1 /* LottoTrip */,
				62CE5C7D6E1C5CD2DE19AB79 /* Products */,
			);
			sourceTree = "<group>";
		};
/* End PBXGroup section */

/* Begin PBXNativeTarget section */
		D5CBADAA4F602C47301AC8CB /* LottoTrip */ = {
			isa = PBXNativeTarget;
			buildConfigurationList = 7EC95F372CD8AE5F153884CA /* Build configuration list for PBXNativeTarget "LottoTrip" */;
			buildPhases = (
				CB9630BB4C4CA23BA6B62746 /* Sources */,
				9A0BB95B0D80529C2D814CD5 /* Resources */,
				AE88A3DA5CF478A56D629CEA /* Frameworks */,
			);
			buildRules = (
			);
			dependencies = (
			);
			name = LottoTrip;
			packageProductDependencies = (
				F53A2A0808EDEC1E4E066476 /* Moya */,
				4A915E5F66AA81CB48BCD0A9 /* Alamofire */,
				4304FE22D659543E91F85DBB /* SnapKit */,
				F33D01A7719EFF0AAC1F4553 /* Then */,
				D212BE3CF5494BFB379846AB /* Kingfisher */,
				EF9811D959FEEF1EB384CCE8 /* KakaoSDKCommon */,
				1D6B322057B09A7572073EA7 /* KakaoSDKAuth */,
				3700B9B0A26346452B67F16F /* KakaoSDKUser */,
			);
			productName = LottoTrip;
			productReference = 66D875F0F8081BBDB9927314 /* LottoTrip.app */;
			productType = "com.apple.product-type.application";
		};
/* End PBXNativeTarget section */

/* Begin PBXProject section */
		8B2670F994EAF7F80329DA00 /* Project object */ = {
			isa = PBXProject;
			attributes = {
				BuildIndependentTargetsInParallel = YES;
				LastUpgradeCheck = 1430;
				TargetAttributes = {
				};
			};
			buildConfigurationList = B586FEF62EF098E7C8094F4C /* Build configuration list for PBXProject "LottoTrip" */;
			developmentRegion = en;
			hasScannedForEncodings = 0;
			knownRegions = (
				Base,
				en,
			);
			mainGroup = FFDD62CE5A404CEA44C5A48F;
			minimizedProjectReferenceProxies = 1;
			packageReferences = (
				61A8E2E144E75B5C1449F4EE /* XCRemoteSwiftPackageReference "Alamofire" */,
				F302B514C1E25EA46C3A8B3F /* XCRemoteSwiftPackageReference "kakao-ios-sdk" */,
				405A4DABC20F4412495AFFB1 /* XCRemoteSwiftPackageReference "Kingfisher" */,
				5E231BDCA2DA74C13C28B6B7 /* XCRemoteSwiftPackageReference "Moya" */,
				7F7A38E9E24629AC1CC6DABB /* XCRemoteSwiftPackageReference "SnapKit" */,
				8E77BE813FDF7BABB51B3C0A /* XCRemoteSwiftPackageReference "Then" */,
			);
			preferredProjectObjectVersion = 77;
			productRefGroup = 62CE5C7D6E1C5CD2DE19AB79 /* Products */;
			projectDirPath = "";
			projectRoot = "";
			targets = (
				D5CBADAA4F602C47301AC8CB /* LottoTrip */,
			);
		};
/* End PBXProject section */

/* Begin PBXResourcesBuildPhase section */
		9A0BB95B0D80529C2D814CD5 /* Resources */ = {
			isa = PBXResourcesBuildPhase;
			buildActionMask = 2147483647;
			files = (
				F266F2D0120CC169BE64909E /* Assets.xcassets in Resources */,
				F37B40FDE47D0622A84F665D /* WantedSans-Bold.ttf in Resources */,
				33BBA1B7C2D8A988ABA1C3ED /* WantedSans-Medium.ttf in Resources */,
				EBA74F2146D50F82109C6E20 /* WantedSans-Regular.ttf in Resources */,
				C76CB99509A1CF541D248061 /* WantedSans-SemiBold.ttf in Resources */,
			);
			runOnlyForDeploymentPostprocessing = 0;
		};
/* End PBXResourcesBuildPhase section */

/* Begin PBXSourcesBuildPhase section */
		CB9630BB4C4CA23BA6B62746 /* Sources */ = {
			isa = PBXSourcesBuildPhase;
			buildActionMask = 2147483647;
			files = (
				56B8D5841B2DE69938D394C9 /* APIClient.swift in Sources */,
				8827500BFBA84850E7FED46B /* AppColor.swift in Sources */,
				219329BF579DEB53826C570F /* AppDelegate.swift in Sources */,
				8C0264173C4A297ED5C2FCD6 /* AppFont.swift in Sources */,
				3B96BF2042F1E8E563526DAD /* AuthDTO.swift in Sources */,
				D43B8929E1F8670194C76B01 /* AuthService.swift in Sources */,
				D0D9F9F3C1DE115C347DD035 /* AuthTargetType.swift in Sources */,
				FA4496BA2F6AA2E598060135 /* BaseScrollViewController.swift in Sources */,
				3A523332F67C986CA0D55525 /* BearerTokenPlugin.swift in Sources */,
				DFBB559A407135A542A9BA2D /* ChatRoomViewController.swift in Sources */,
				7C0F1018F90DC1C5C348C686 /* ChatService.swift in Sources */,
				27C907605B5904B4259150DB /* ChatTargetType.swift in Sources */,
				52DA457549232EE7A9833BBE /* ChatWireDTO.swift in Sources */,
				DCD02D39674013BD10B785D2 /* CommonResponseDTO.swift in Sources */,
				95354892220FCACB379FDE9E /* CommunityDTO.swift in Sources */,
				1BF8AF245F496AE36C3A3A4F /* CommunityFeedViewController.swift in Sources */,
				1763CD1DFBA157F57C3600A6 /* Components.swift in Sources */,
				B14BBBFD49FAFF58132E0C24 /* CourseDTO.swift in Sources */,
				CB1D841A2CADA6562069BCD1 /* CourseService.swift in Sources */,
				5394A69B6A8FD0E59F1BB2A9 /* CourseTargetType.swift in Sources */,
				838F67FD09CB4B8CE03280FB /* DestinationDetailViewController.swift in Sources */,
				227826C463C62059CAC79AD5 /* Domain.swift in Sources */,
				52B7208371CB9EEE69AFAA92 /* DomainEnums.swift in Sources */,
				FDE22F6FB66AD64E74DE0D19 /* HealthDTO.swift in Sources */,
				33FE3F687120CB3D0EE58357 /* HealthService.swift in Sources */,
				5758285E473DDBC7EDF16A9B /* HealthTargetType.swift in Sources */,
				458057BFDC287B0EA4B6BD3B /* KakaoLoginManager.swift in Sources */,
				AA9D16CE9F12588EEDB2B8AC /* LocationProvider.swift in Sources */,
				7AD290E2C63C4E298D8CB050 /* LoginViewController.swift in Sources */,
				6F4368B7B71572E11FDB2503 /* MissionAllClearViewController.swift in Sources */,
				93BCCEB6100287327DE97827 /* MissionArrivalViewController.swift in Sources */,
				440B38A27D7BBAF50954D2AD /* MissionCaptureViewController.swift in Sources */,
				BBFA303B134EA6BB136650E5 /* MissionCompleteViewController.swift in Sources */,
				882FAD1BA89892FCC2267986 /* MissionDTO.swift in Sources */,
				B24A18FC1B81EBFCDAC69530 /* MissionDetailViewController.swift in Sources */,
				0EC844545E27E9B661B30CD5 /* MissionListViewController.swift in Sources */,
				D5E873196ED1AB9D937F09D5 /* MissionModels.swift in Sources */,
				94D4339E72FE95C83E510403 /* MissionService.swift in Sources */,
				9517375C87F00D74785766D7 /* MissionTargetType.swift in Sources */,
				397FBD42F7D93496BCB058AD /* MyPageViewController.swift in Sources */,
				EB6E81688873AC63D141A782 /* NetworkError.swift in Sources */,
				9A08903AD3F2A8C10424B59A /* NetworkManagerExtension.swift in Sources */,
				D2B5E1987CD9CDEDD6B80098 /* NetworkManagerProtocol.swift in Sources */,
				71E69ADFB10FC63A6DE195B0 /* OnboardingModels.swift in Sources */,
				1CDB5A6FB34BD893046107D9 /* OnboardingStepViewController.swift in Sources */,
				EEDF7F89CCEE161E844CF8B7 /* OnboardingSteps.swift in Sources */,
				2918035756B0B64CB6340339 /* OnboardingViews.swift in Sources */,
				23FEB4D3DA326E99DE9D01B9 /* PlaceDetailModels.swift in Sources */,
				15B2A9F5DE6F3CBC8B2F9FD4 /* PreferenceViewController.swift in Sources */,
				D3E73839A9F1478207DB5DE8 /* PuzzleDTO.swift in Sources */,
				DD6AB529B207A16FEAC0E393 /* PuzzleHomeViewController.swift in Sources */,
				315A8792CA8D5EB981D8C33B /* PuzzlePieceView.swift in Sources */,
				08583BA4DF00C7CA3EEBD267 /* RecommendDTO.swift in Sources */,
				6CC2D0677FBDC5EA0537A204 /* ResultViewController.swift in Sources */,
				86144D60C8E2145B32B6B5B0 /* RootTabBarController.swift in Sources */,
				1BE4BC99F60D6CFFC5E0F997 /* RouteDTO.swift in Sources */,
				039B322EF5FA1D38DA96B18E /* RouteFindViewController.swift in Sources */,
				23BBC1383B02C78B4DF59830 /* RouteService.swift in Sources */,
				CEC1A614A88294E627D6C356 /* RouteTargetType.swift in Sources */,
				48263E8BD659400B66C646E0 /* RouteViewController.swift in Sources */,
				83BCB4A1B8F18C818ED22F72 /* SampleData.swift in Sources */,
				C31863614B7BCF8EC4088E42 /* SceneDelegate.swift in Sources */,
				58279E4A98E48BB9EDE3FB59 /* ShortformEditorViewController.swift in Sources */,
				307DB32D2CB01E60E65348C6 /* SlotDTO.swift in Sources */,
				DEC47B97ED7B6EAEE5510246 /* SlotMachineViewController.swift in Sources */,
				57551C8822573C1AE36E8389 /* SlotService.swift in Sources */,
				4D165CFD655FB62BA3F917A9 /* SlotTargetType.swift in Sources */,
				C2F98A21CEDD357431382BBC /* SquarePuzzleView.swift in Sources */,
				3C98B6229A40AE575E555DD3 /* UserMissionDTO.swift in Sources */,
				80CFC732B01F123D6BDC88BE /* VideoDTO.swift in Sources */,
				0569A955876C247323F02FB0 /* VideoService.swift in Sources */,
				5869A73C00257BEE8177397A /* VideoTargetType.swift in Sources */,
			);
			runOnlyForDeploymentPostprocessing = 0;
		};
/* End PBXSourcesBuildPhase section */

/* Begin XCBuildConfiguration section */
		3A5C9E10314A607B6CC308A2 /* Debug */ = {
			isa = XCBuildConfiguration;
			buildSettings = {
				ASSETCATALOG_COMPILER_APPICON_NAME = AppIcon;
				CODE_SIGN_IDENTITY = "iPhone Developer";
				CURRENT_PROJECT_VERSION = 1;
				INFOPLIST_FILE = LottoTrip/Resources/Info.plist;
				LD_RUNPATH_SEARCH_PATHS = (
					"$(inherited)",
					"@executable_path/Frameworks",
				);
				MARKETING_VERSION = 1.0;
				PRODUCT_BUNDLE_IDENTIFIER = com.lottotrip.app;
				SDKROOT = iphoneos;
				TARGETED_DEVICE_FAMILY = 1;
			};
			name = Debug;
		};
		53F7052C51DFE44BC3B1A9C3 /* Release */ = {
			isa = XCBuildConfiguration;
			buildSettings = {
				ASSETCATALOG_COMPILER_APPICON_NAME = AppIcon;
				CODE_SIGN_IDENTITY = "iPhone Developer";
				CURRENT_PROJECT_VERSION = 1;
				INFOPLIST_FILE = LottoTrip/Resources/Info.plist;
				LD_RUNPATH_SEARCH_PATHS = (
					"$(inherited)",
					"@executable_path/Frameworks",
				);
				MARKETING_VERSION = 1.0;
				PRODUCT_BUNDLE_IDENTIFIER = com.lottotrip.app;
				SDKROOT = iphoneos;
				TARGETED_DEVICE_FAMILY = 1;
			};
			name = Release;
		};
		AA17EABF229E442C1CA8CAAE /* Release */ = {
			isa = XCBuildConfiguration;
			buildSettings = {
				ALWAYS_SEARCH_USER_PATHS = NO;
				CLANG_ANALYZER_NONNULL = YES;
				CLANG_ANALYZER_NUMBER_OBJECT_CONVERSION = YES_AGGRESSIVE;
				CLANG_CXX_LANGUAGE_STANDARD = "gnu++14";
				CLANG_CXX_LIBRARY = "libc++";
				CLANG_ENABLE_MODULES = YES;
				CLANG_ENABLE_OBJC_ARC = YES;
				CLANG_ENABLE_OBJC_WEAK = YES;
				CLANG_WARN_BLOCK_CAPTURE_AUTORELEASING = YES;
				CLANG_WARN_BOOL_CONVERSION = YES;
				CLANG_WARN_COMMA = YES;
				CLANG_WARN_CONSTANT_CONVERSION = YES;
				CLANG_WARN_DEPRECATED_OBJC_IMPLEMENTATIONS = YES;
				CLANG_WARN_DIRECT_OBJC_ISA_USAGE = YES_ERROR;
				CLANG_WARN_DOCUMENTATION_COMMENTS = YES;
				CLANG_WARN_EMPTY_BODY = YES;
				CLANG_WARN_ENUM_CONVERSION = YES;
				CLANG_WARN_INFINITE_RECURSION = YES;
				CLANG_WARN_INT_CONVERSION = YES;
				CLANG_WARN_NON_LITERAL_NULL_CONVERSION = YES;
				CLANG_WARN_OBJC_IMPLICIT_RETAIN_SELF = YES;
				CLANG_WARN_OBJC_LITERAL_CONVERSION = YES;
				CLANG_WARN_OBJC_ROOT_CLASS = YES_ERROR;
				CLANG_WARN_QUOTED_INCLUDE_IN_FRAMEWORK_HEADER = YES;
				CLANG_WARN_RANGE_LOOP_ANALYSIS = YES;
				CLANG_WARN_STRICT_PROTOTYPES = YES;
				CLANG_WARN_SUSPICIOUS_MOVE = YES;
				CLANG_WARN_UNGUARDED_AVAILABILITY = YES_AGGRESSIVE;
				CLANG_WARN_UNREACHABLE_CODE = YES;
				CLANG_WARN__DUPLICATE_METHOD_MATCH = YES;
				CODE_SIGNING_ALLOWED = NO;
				COPY_PHASE_STRIP = NO;
				DEBUG_INFORMATION_FORMAT = "dwarf-with-dsym";
				ENABLE_NS_ASSERTIONS = NO;
				ENABLE_STRICT_OBJC_MSGSEND = YES;
				GCC_C_LANGUAGE_STANDARD = gnu11;
				GCC_NO_COMMON_BLOCKS = YES;
				GCC_WARN_64_TO_32_BIT_CONVERSION = YES;
				GCC_WARN_ABOUT_RETURN_TYPE = YES_ERROR;
				GCC_WARN_UNDECLARED_SELECTOR = YES;
				GCC_WARN_UNINITIALIZED_AUTOS = YES_AGGRESSIVE;
				GCC_WARN_UNUSED_FUNCTION = YES;
				GCC_WARN_UNUSED_VARIABLE = YES;
				IPHONEOS_DEPLOYMENT_TARGET = 17.0;
				MTL_ENABLE_DEBUG_INFO = NO;
				MTL_FAST_MATH = YES;
				PRODUCT_NAME = "$(TARGET_NAME)";
				SDKROOT = iphoneos;
				SWIFT_COMPILATION_MODE = wholemodule;
				SWIFT_OPTIMIZATION_LEVEL = "-O";
				SWIFT_VERSION = 5.0;
			};
			name = Release;
		};
		BEF673E4E4F36D70B5C22500 /* Debug */ = {
			isa = XCBuildConfiguration;
			buildSettings = {
				ALWAYS_SEARCH_USER_PATHS = NO;
				CLANG_ANALYZER_NONNULL = YES;
				CLANG_ANALYZER_NUMBER_OBJECT_CONVERSION = YES_AGGRESSIVE;
				CLANG_CXX_LANGUAGE_STANDARD = "gnu++14";
				CLANG_CXX_LIBRARY = "libc++";
				CLANG_ENABLE_MODULES = YES;
				CLANG_ENABLE_OBJC_ARC = YES;
				CLANG_ENABLE_OBJC_WEAK = YES;
				CLANG_WARN_BLOCK_CAPTURE_AUTORELEASING = YES;
				CLANG_WARN_BOOL_CONVERSION = YES;
				CLANG_WARN_COMMA = YES;
				CLANG_WARN_CONSTANT_CONVERSION = YES;
				CLANG_WARN_DEPRECATED_OBJC_IMPLEMENTATIONS = YES;
				CLANG_WARN_DIRECT_OBJC_ISA_USAGE = YES_ERROR;
				CLANG_WARN_DOCUMENTATION_COMMENTS = YES;
				CLANG_WARN_EMPTY_BODY = YES;
				CLANG_WARN_ENUM_CONVERSION = YES;
				CLANG_WARN_INFINITE_RECURSION = YES;
				CLANG_WARN_INT_CONVERSION = YES;
				CLANG_WARN_NON_LITERAL_NULL_CONVERSION = YES;
				CLANG_WARN_OBJC_IMPLICIT_RETAIN_SELF = YES;
				CLANG_WARN_OBJC_LITERAL_CONVERSION = YES;
				CLANG_WARN_OBJC_ROOT_CLASS = YES_ERROR;
				CLANG_WARN_QUOTED_INCLUDE_IN_FRAMEWORK_HEADER = YES;
				CLANG_WARN_RANGE_LOOP_ANALYSIS = YES;
				CLANG_WARN_STRICT_PROTOTYPES = YES;
				CLANG_WARN_SUSPICIOUS_MOVE = YES;
				CLANG_WARN_UNGUARDED_AVAILABILITY = YES_AGGRESSIVE;
				CLANG_WARN_UNREACHABLE_CODE = YES;
				CLANG_WARN__DUPLICATE_METHOD_MATCH = YES;
				CODE_SIGNING_ALLOWED = NO;
				COPY_PHASE_STRIP = NO;
				DEBUG_INFORMATION_FORMAT = dwarf;
				ENABLE_STRICT_OBJC_MSGSEND = YES;
				ENABLE_TESTABILITY = YES;
				GCC_C_LANGUAGE_STANDARD = gnu11;
				GCC_DYNAMIC_NO_PIC = NO;
				GCC_NO_COMMON_BLOCKS = YES;
				GCC_OPTIMIZATION_LEVEL = 0;
				GCC_PREPROCESSOR_DEFINITIONS = (
					"$(inherited)",
					"DEBUG=1",
				);
				GCC_WARN_64_TO_32_BIT_CONVERSION = YES;
				GCC_WARN_ABOUT_RETURN_TYPE = YES_ERROR;
				GCC_WARN_UNDECLARED_SELECTOR = YES;
				GCC_WARN_UNINITIALIZED_AUTOS = YES_AGGRESSIVE;
				GCC_WARN_UNUSED_FUNCTION = YES;
				GCC_WARN_UNUSED_VARIABLE = YES;
				IPHONEOS_DEPLOYMENT_TARGET = 17.0;
				MTL_ENABLE_DEBUG_INFO = INCLUDE_SOURCE;
				MTL_FAST_MATH = YES;
				ONLY_ACTIVE_ARCH = YES;
				PRODUCT_NAME = "$(TARGET_NAME)";
				SDKROOT = iphoneos;
				SWIFT_ACTIVE_COMPILATION_CONDITIONS = DEBUG;
				SWIFT_OPTIMIZATION_LEVEL = "-Onone";
				SWIFT_VERSION = 5.0;
			};
			name = Debug;
		};
/* End XCBuildConfiguration section */

/* Begin XCConfigurationList section */
		7EC95F372CD8AE5F153884CA /* Build configuration list for PBXNativeTarget "LottoTrip" */ = {
			isa = XCConfigurationList;
			buildConfigurations = (
				3A5C9E10314A607B6CC308A2 /* Debug */,
				53F7052C51DFE44BC3B1A9C3 /* Release */,
			);
			defaultConfigurationIsVisible = 0;
			defaultConfigurationName = Debug;
		};
		B586FEF62EF098E7C8094F4C /* Build configuration list for PBXProject "LottoTrip" */ = {
			isa = XCConfigurationList;
			buildConfigurations = (
				BEF673E4E4F36D70B5C22500 /* Debug */,
				AA17EABF229E442C1CA8CAAE /* Release */,
			);
			defaultConfigurationIsVisible = 0;
			defaultConfigurationName = Debug;
		};
/* End XCConfigurationList section */

/* Begin XCRemoteSwiftPackageReference section */
		405A4DABC20F4412495AFFB1 /* XCRemoteSwiftPackageReference "Kingfisher" */ = {
			isa = XCRemoteSwiftPackageReference;
			repositoryURL = "https://github.com/onevcat/Kingfisher";
			requirement = {
				kind = upToNextMajorVersion;
				minimumVersion = 7.11.0;
			};
		};
		5E231BDCA2DA74C13C28B6B7 /* XCRemoteSwiftPackageReference "Moya" */ = {
			isa = XCRemoteSwiftPackageReference;
			repositoryURL = "https://github.com/Moya/Moya";
			requirement = {
				kind = upToNextMajorVersion;
				minimumVersion = 15.0.0;
			};
		};
		61A8E2E144E75B5C1449F4EE /* XCRemoteSwiftPackageReference "Alamofire" */ = {
			isa = XCRemoteSwiftPackageReference;
			repositoryURL = "https://github.com/Alamofire/Alamofire";
			requirement = {
				kind = upToNextMajorVersion;
				minimumVersion = 5.8.0;
			};
		};
		7F7A38E9E24629AC1CC6DABB /* XCRemoteSwiftPackageReference "SnapKit" */ = {
			isa = XCRemoteSwiftPackageReference;
			repositoryURL = "https://github.com/SnapKit/SnapKit";
			requirement = {
				kind = upToNextMajorVersion;
				minimumVersion = 5.7.0;
			};
		};
		8E77BE813FDF7BABB51B3C0A /* XCRemoteSwiftPackageReference "Then" */ = {
			isa = XCRemoteSwiftPackageReference;
			repositoryURL = "https://github.com/devxoul/Then";
			requirement = {
				kind = upToNextMajorVersion;
				minimumVersion = 3.0.0;
			};
		};
		F302B514C1E25EA46C3A8B3F /* XCRemoteSwiftPackageReference "kakao-ios-sdk" */ = {
			isa = XCRemoteSwiftPackageReference;
			repositoryURL = "https://github.com/kakao/kakao-ios-sdk";
			requirement = {
				kind = upToNextMajorVersion;
				minimumVersion = 2.9.0;
			};
		};
/* End XCRemoteSwiftPackageReference section */

/* Begin XCSwiftPackageProductDependency section */
		1D6B322057B09A7572073EA7 /* KakaoSDKAuth */ = {
			isa = XCSwiftPackageProductDependency;
			package = F302B514C1E25EA46C3A8B3F /* XCRemoteSwiftPackageReference "kakao-ios-sdk" */;
			productName = KakaoSDKAuth;
		};
		3700B9B0A26346452B67F16F /* KakaoSDKUser */ = {
			isa = XCSwiftPackageProductDependency;
			package = F302B514C1E25EA46C3A8B3F /* XCRemoteSwiftPackageReference "kakao-ios-sdk" */;
			productName = KakaoSDKUser;
		};
		4304FE22D659543E91F85DBB /* SnapKit */ = {
			isa = XCSwiftPackageProductDependency;
			package = 7F7A38E9E24629AC1CC6DABB /* XCRemoteSwiftPackageReference "SnapKit" */;
			productName = SnapKit;
		};
		4A915E5F66AA81CB48BCD0A9 /* Alamofire */ = {
			isa = XCSwiftPackageProductDependency;
			package = 61A8E2E144E75B5C1449F4EE /* XCRemoteSwiftPackageReference "Alamofire" */;
			productName = Alamofire;
		};
		D212BE3CF5494BFB379846AB /* Kingfisher */ = {
			isa = XCSwiftPackageProductDependency;
			package = 405A4DABC20F4412495AFFB1 /* XCRemoteSwiftPackageReference "Kingfisher" */;
			productName = Kingfisher;
		};
		EF9811D959FEEF1EB384CCE8 /* KakaoSDKCommon */ = {
			isa = XCSwiftPackageProductDependency;
			package = F302B514C1E25EA46C3A8B3F /* XCRemoteSwiftPackageReference "kakao-ios-sdk" */;
			productName = KakaoSDKCommon;
		};
		F33D01A7719EFF0AAC1F4553 /* Then */ = {
			isa = XCSwiftPackageProductDependency;
			package = 8E77BE813FDF7BABB51B3C0A /* XCRemoteSwiftPackageReference "Then" */;
			productName = Then;
		};
		F53A2A0808EDEC1E4E066476 /* Moya */ = {
			isa = XCSwiftPackageProductDependency;
			package = 5E231BDCA2DA74C13C28B6B7 /* XCRemoteSwiftPackageReference "Moya" */;
			productName = Moya;
		};
/* End XCSwiftPackageProductDependency section */
	};
	rootObject = 8B2670F994EAF7F80329DA00 /* Project object */;
}
